<?xml version="1.0" encoding="utf-8"?>
<Project ToolsVersion="17.0" xmlns="http://schemas.microsoft.com/developer/msbuild/2003">
  <ItemGroup>
    <ClCompile Include="D:\Giselle_\My Project\CSC10003_FinalProject\source\source\build\test_block_o.cpp">
      <Filter>Source Files</Filter>
    </ClCompile>
    <ClCompile Include="D:\Giselle_\My Project\CSC10003_FinalProject\source\source\libs\catch_amalgamated.cpp">
      <Filter>Source Files</Filter>
    </ClCompile>
    <ClCompile Include="D:\Giselle_\My Project\CSC10003_FinalProject\source\source\blocks\I_block.cpp">
      <Filter>Source Files</Filter>
    </ClCompile>
    <ClCompile Include="D:\Giselle_\My Project\CSC10003_FinalProject\source\source\blocks\J_block.cpp">
      <Filter>Source Files</Filter>
    </ClCompile>
    <ClCompile Include="D:\Giselle_\My Project\CSC10003_FinalProject\source\source\blocks\L_block.cpp">
      <Filter>Source Files</Filter>
    </ClCompile>
    <ClCompile Include="D:\Giselle_\My Project\CSC10003_FinalProject\source\source\blocks\O_block.cpp">
      <Filter>Source Files</Filter>
    </ClCompile>
    <ClCompile Include="D:\Giselle_\My Project\CSC10003_FinalProject\source\source\blocks\S_block.cpp">
      <Filter>Source Files</Filter>
    </ClCompile>
    <ClCompile Include="D:\Giselle_\My Project\CSC10003_FinalProject\source\source\blocks\T_block.cpp">
      <Filter>Source Files</Filter>
    </ClCompile>
    <ClCompile Include="D:\Giselle_\My Project\CSC10003_FinalProject\source\source\blocks\Z_block.cpp">
      <Filter>Source Files</Filter>
    </ClCompile>
    <ClCompile Include="D:\Giselle_\My Project\CSC10003_FinalProject\source\source\core\grid.cpp">
      <Filter>Source Files</Filter>
    </ClCompile>
    <ClCompile Include="D:\Giselle_\My Project\CSC10003_FinalProject\source\source\core\position.cpp">
      <Filter>Source Files</Filter>
    </ClCompile>
    <ClCompile Include="D:\Giselle_\My Project\CSC10003_FinalProject\source\source\data\block.cpp">
      <Filter>Source Files</Filter>
    </ClCompile>
    <ClCompile Include="D:\Giselle_\My Project\CSC10003_FinalProject\source\source\data\colors.cpp">
      <Filter>Source Files</Filter>
    </ClCompile>
  </ItemGroup>
  <ItemGroup>
    <CustomBuild Include="D:\Giselle_\My Project\CSC10003_FinalProject\source\CMakeLists.txt" />
  </ItemGroup>
  <ItemGroup>
    <Filter Include="Source Files">
      <UniqueIdentifier>{67364EE4-A95F-3FCC-BEC1-318F81B8F1B5}</UniqueIdentifier>
    </Filter>
  </ItemGroup>
</Project>
