<?xml version="1.0" encoding="utf-8"?>
<Project ToolsVersion="17.0" xmlns="http://schemas.microsoft.com/developer/msbuild/2003">
  <ItemGroup>
    <ClCompile Include="D:\Giselle_\My Project\CSC10003_FinalProject\source\source\build\test_grid.cpp">
      <Filter>Source Files</Filter>
    </ClCompile>
    <ClCompile Include="D:\Giselle_\My Project\CSC10003_FinalProject\source\source\core\grid.cpp">
      <Filter>Source Files</Filter>
    </ClCompile>
  </ItemGroup>
  <ItemGroup>
    <CustomBuild Include="D:\Giselle_\My Project\CSC10003_FinalProject\source\CMakeLists.txt" />
  </ItemGroup>
  <ItemGroup>
    <Filter Include="Source Files">
      <UniqueIdentifier>{67364EE4-A95F-3FCC-BEC1-318F81B8F1B5}</UniqueIdentifier>
    </Filter>
  </ItemGroup>
</Project>
