
Microsoft Visual Studio Solution File, Format Version 12.00
# Visual Studio Version 17
Project("{8BC9CEB8-8B4A-11D0-8D11-00A0C91BC942}") = "ALL_BUILD", "ALL_BUILD.vcxproj", "{BB0EF2BA-0DB5-3960-B071-C61F20A13BE5}"
	ProjectSection(ProjectDependencies) = postProject
		{B21BD894-3ADA-33A1-AAF7-30621C1570AE} = {B21BD894-3ADA-33A1-AAF7-30621C1570AE}
		{C6396A51-1FF3-3A7F-A2E4-EAB5D51BEC5A} = {C6396A51-1FF3-3A7F-A2E4-EAB5D51BEC5A}
		{5B204540-866B-3AAF-9C86-CF4DD40AB8B8} = {5B204540-866B-3AAF-9C86-CF4DD40AB8B8}
		{5C6D8A81-230A-3FCA-98CE-B9EC537FC964} = {5C6D8A81-230A-3FCA-98CE-B9EC537FC964}
		{E4C1F2F2-24E9-3740-ACB2-FE3A5302F03C} = {E4C1F2F2-24E9-3740-ACB2-FE3A5302F03C}
		{5CE216A5-4E43-3E55-A4C5-04C989C874B2} = {5CE216A5-4E43-3E55-A4C5-04C989C874B2}
		{4FDB410E-CCB9-319D-80AA-F0D43588FEC8} = {4FDB410E-CCB9-319D-80AA-F0D43588FEC8}
		{6C99C020-397E-39A5-AE92-9B28A1B84E2A} = {6C99C020-397E-39A5-AE92-9B28A1B84E2A}
		{9E464415-2A15-304D-8CA8-19C13C602465} = {9E464415-2A15-304D-8CA8-19C13C602465}
		{63EE7C93-B60D-38F2-95C5-4D5D61C6DEBA} = {63EE7C93-B60D-38F2-95C5-4D5D61C6DEBA}
	EndProjectSection
EndProject
Project("{8BC9CEB8-8B4A-11D0-8D11-00A0C91BC942}") = "ZERO_CHECK", "ZERO_CHECK.vcxproj", "{B21BD894-3ADA-33A1-AAF7-30621C1570AE}"
	ProjectSection(ProjectDependencies) = postProject
	EndProjectSection
EndProject
Project("{8BC9CEB8-8B4A-11D0-8D11-00A0C91BC942}") = "test_block_i", "test_block_i.vcxproj", "{C6396A51-1FF3-3A7F-A2E4-EAB5D51BEC5A}"
	ProjectSection(ProjectDependencies) = postProject
		{B21BD894-3ADA-33A1-AAF7-30621C1570AE} = {B21BD894-3ADA-33A1-AAF7-30621C1570AE}
	EndProjectSection
EndProject
Project("{8BC9CEB8-8B4A-11D0-8D11-00A0C91BC942}") = "test_block_j", "test_block_j.vcxproj", "{5B204540-866B-3AAF-9C86-CF4DD40AB8B8}"
	ProjectSection(ProjectDependencies) = postProject
		{B21BD894-3ADA-33A1-AAF7-30621C1570AE} = {B21BD894-3ADA-33A1-AAF7-30621C1570AE}
	EndProjectSection
EndProject
Project("{8BC9CEB8-8B4A-11D0-8D11-00A0C91BC942}") = "test_block_l", "test_block_l.vcxproj", "{5C6D8A81-230A-3FCA-98CE-B9EC537FC964}"
	ProjectSection(ProjectDependencies) = postProject
		{B21BD894-3ADA-33A1-AAF7-30621C1570AE} = {B21BD894-3ADA-33A1-AAF7-30621C1570AE}
	EndProjectSection
EndProject
Project("{8BC9CEB8-8B4A-11D0-8D11-00A0C91BC942}") = "test_block_o", "test_block_o.vcxproj", "{E4C1F2F2-24E9-3740-ACB2-FE3A5302F03C}"
	ProjectSection(ProjectDependencies) = postProject
		{B21BD894-3ADA-33A1-AAF7-30621C1570AE} = {B21BD894-3ADA-33A1-AAF7-30621C1570AE}
	EndProjectSection
EndProject
Project("{8BC9CEB8-8B4A-11D0-8D11-00A0C91BC942}") = "test_block_s", "test_block_s.vcxproj", "{5CE216A5-4E43-3E55-A4C5-04C989C874B2}"
	ProjectSection(ProjectDependencies) = postProject
		{B21BD894-3ADA-33A1-AAF7-30621C1570AE} = {B21BD894-3ADA-33A1-AAF7-30621C1570AE}
	EndProjectSection
EndProject
Project("{8BC9CEB8-8B4A-11D0-8D11-00A0C91BC942}") = "test_block_t", "test_block_t.vcxproj", "{4FDB410E-CCB9-319D-80AA-F0D43588FEC8}"
	ProjectSection(ProjectDependencies) = postProject
		{B21BD894-3ADA-33A1-AAF7-30621C1570AE} = {B21BD894-3ADA-33A1-AAF7-30621C1570AE}
	EndProjectSection
EndProject
Project("{8BC9CEB8-8B4A-11D0-8D11-00A0C91BC942}") = "test_block_z", "test_block_z.vcxproj", "{6C99C020-397E-39A5-AE92-9B28A1B84E2A}"
	ProjectSection(ProjectDependencies) = postProject
		{B21BD894-3ADA-33A1-AAF7-30621C1570AE} = {B21BD894-3ADA-33A1-AAF7-30621C1570AE}
	EndProjectSection
EndProject
Project("{8BC9CEB8-8B4A-11D0-8D11-00A0C91BC942}") = "test_grid", "test_grid.vcxproj", "{9E464415-2A15-304D-8CA8-19C13C602465}"
	ProjectSection(ProjectDependencies) = postProject
		{B21BD894-3ADA-33A1-AAF7-30621C1570AE} = {B21BD894-3ADA-33A1-AAF7-30621C1570AE}
	EndProjectSection
EndProject
Project("{8BC9CEB8-8B4A-11D0-8D11-00A0C91BC942}") = "test_rotate", "test_rotate.vcxproj", "{63EE7C93-B60D-38F2-95C5-4D5D61C6DEBA}"
	ProjectSection(ProjectDependencies) = postProject
		{B21BD894-3ADA-33A1-AAF7-30621C1570AE} = {B21BD894-3ADA-33A1-AAF7-30621C1570AE}
	EndProjectSection
EndProject
Global
	GlobalSection(SolutionConfigurationPlatforms) = preSolution
		Debug|x64 = Debug|x64
		Release|x64 = Release|x64
		MinSizeRel|x64 = MinSizeRel|x64
		RelWithDebInfo|x64 = RelWithDebInfo|x64
	EndGlobalSection
	GlobalSection(ProjectConfigurationPlatforms) = postSolution
		{BB0EF2BA-0DB5-3960-B071-C61F20A13BE5}.Debug|x64.ActiveCfg = Debug|x64
		{BB0EF2BA-0DB5-3960-B071-C61F20A13BE5}.Release|x64.ActiveCfg = Release|x64
		{BB0EF2BA-0DB5-3960-B071-C61F20A13BE5}.MinSizeRel|x64.ActiveCfg = MinSizeRel|x64
		{BB0EF2BA-0DB5-3960-B071-C61F20A13BE5}.RelWithDebInfo|x64.ActiveCfg = RelWithDebInfo|x64
		{B21BD894-3ADA-33A1-AAF7-30621C1570AE}.Debug|x64.ActiveCfg = Debug|x64
		{B21BD894-3ADA-33A1-AAF7-30621C1570AE}.Debug|x64.Build.0 = Debug|x64
		{B21BD894-3ADA-33A1-AAF7-30621C1570AE}.Release|x64.ActiveCfg = Release|x64
		{B21BD894-3ADA-33A1-AAF7-30621C1570AE}.Release|x64.Build.0 = Release|x64
		{B21BD894-3ADA-33A1-AAF7-30621C1570AE}.MinSizeRel|x64.ActiveCfg = MinSizeRel|x64
		{B21BD894-3ADA-33A1-AAF7-30621C1570AE}.MinSizeRel|x64.Build.0 = MinSizeRel|x64
		{B21BD894-3ADA-33A1-AAF7-30621C1570AE}.RelWithDebInfo|x64.ActiveCfg = RelWithDebInfo|x64
		{B21BD894-3ADA-33A1-AAF7-30621C1570AE}.RelWithDebInfo|x64.Build.0 = RelWithDebInfo|x64
		{C6396A51-1FF3-3A7F-A2E4-EAB5D51BEC5A}.Debug|x64.ActiveCfg = Debug|x64
		{C6396A51-1FF3-3A7F-A2E4-EAB5D51BEC5A}.Debug|x64.Build.0 = Debug|x64
		{C6396A51-1FF3-3A7F-A2E4-EAB5D51BEC5A}.Release|x64.ActiveCfg = Release|x64
		{C6396A51-1FF3-3A7F-A2E4-EAB5D51BEC5A}.Release|x64.Build.0 = Release|x64
		{C6396A51-1FF3-3A7F-A2E4-EAB5D51BEC5A}.MinSizeRel|x64.ActiveCfg = MinSizeRel|x64
		{C6396A51-1FF3-3A7F-A2E4-EAB5D51BEC5A}.MinSizeRel|x64.Build.0 = MinSizeRel|x64
		{C6396A51-1FF3-3A7F-A2E4-EAB5D51BEC5A}.RelWithDebInfo|x64.ActiveCfg = RelWithDebInfo|x64
		{C6396A51-1FF3-3A7F-A2E4-EAB5D51BEC5A}.RelWithDebInfo|x64.Build.0 = RelWithDebInfo|x64
		{5B204540-866B-3AAF-9C86-CF4DD40AB8B8}.Debug|x64.ActiveCfg = Debug|x64
		{5B204540-866B-3AAF-9C86-CF4DD40AB8B8}.Debug|x64.Build.0 = Debug|x64
		{5B204540-866B-3AAF-9C86-CF4DD40AB8B8}.Release|x64.ActiveCfg = Release|x64
		{5B204540-866B-3AAF-9C86-CF4DD40AB8B8}.Release|x64.Build.0 = Release|x64
		{5B204540-866B-3AAF-9C86-CF4DD40AB8B8}.MinSizeRel|x64.ActiveCfg = MinSizeRel|x64
		{5B204540-866B-3AAF-9C86-CF4DD40AB8B8}.MinSizeRel|x64.Build.0 = MinSizeRel|x64
		{5B204540-866B-3AAF-9C86-CF4DD40AB8B8}.RelWithDebInfo|x64.ActiveCfg = RelWithDebInfo|x64
		{5B204540-866B-3AAF-9C86-CF4DD40AB8B8}.RelWithDebInfo|x64.Build.0 = RelWithDebInfo|x64
		{5C6D8A81-230A-3FCA-98CE-B9EC537FC964}.Debug|x64.ActiveCfg = Debug|x64
		{5C6D8A81-230A-3FCA-98CE-B9EC537FC964}.Debug|x64.Build.0 = Debug|x64
		{5C6D8A81-230A-3FCA-98CE-B9EC537FC964}.Release|x64.ActiveCfg = Release|x64
		{5C6D8A81-230A-3FCA-98CE-B9EC537FC964}.Release|x64.Build.0 = Release|x64
		{5C6D8A81-230A-3FCA-98CE-B9EC537FC964}.MinSizeRel|x64.ActiveCfg = MinSizeRel|x64
		{5C6D8A81-230A-3FCA-98CE-B9EC537FC964}.MinSizeRel|x64.Build.0 = MinSizeRel|x64
		{5C6D8A81-230A-3FCA-98CE-B9EC537FC964}.RelWithDebInfo|x64.ActiveCfg = RelWithDebInfo|x64
		{5C6D8A81-230A-3FCA-98CE-B9EC537FC964}.RelWithDebInfo|x64.Build.0 = RelWithDebInfo|x64
		{E4C1F2F2-24E9-3740-ACB2-FE3A5302F03C}.Debug|x64.ActiveCfg = Debug|x64
		{E4C1F2F2-24E9-3740-ACB2-FE3A5302F03C}.Debug|x64.Build.0 = Debug|x64
		{E4C1F2F2-24E9-3740-ACB2-FE3A5302F03C}.Release|x64.ActiveCfg = Release|x64
		{E4C1F2F2-24E9-3740-ACB2-FE3A5302F03C}.Release|x64.Build.0 = Release|x64
		{E4C1F2F2-24E9-3740-ACB2-FE3A5302F03C}.MinSizeRel|x64.ActiveCfg = MinSizeRel|x64
		{E4C1F2F2-24E9-3740-ACB2-FE3A5302F03C}.MinSizeRel|x64.Build.0 = MinSizeRel|x64
		{E4C1F2F2-24E9-3740-ACB2-FE3A5302F03C}.RelWithDebInfo|x64.ActiveCfg = RelWithDebInfo|x64
		{E4C1F2F2-24E9-3740-ACB2-FE3A5302F03C}.RelWithDebInfo|x64.Build.0 = RelWithDebInfo|x64
		{5CE216A5-4E43-3E55-A4C5-04C989C874B2}.Debug|x64.ActiveCfg = Debug|x64
		{5CE216A5-4E43-3E55-A4C5-04C989C874B2}.Debug|x64.Build.0 = Debug|x64
		{5CE216A5-4E43-3E55-A4C5-04C989C874B2}.Release|x64.ActiveCfg = Release|x64
		{5CE216A5-4E43-3E55-A4C5-04C989C874B2}.Release|x64.Build.0 = Release|x64
		{5CE216A5-4E43-3E55-A4C5-04C989C874B2}.MinSizeRel|x64.ActiveCfg = MinSizeRel|x64
		{5CE216A5-4E43-3E55-A4C5-04C989C874B2}.MinSizeRel|x64.Build.0 = MinSizeRel|x64
		{5CE216A5-4E43-3E55-A4C5-04C989C874B2}.RelWithDebInfo|x64.ActiveCfg = RelWithDebInfo|x64
		{5CE216A5-4E43-3E55-A4C5-04C989C874B2}.RelWithDebInfo|x64.Build.0 = RelWithDebInfo|x64
		{4FDB410E-CCB9-319D-80AA-F0D43588FEC8}.Debug|x64.ActiveCfg = Debug|x64
		{4FDB410E-CCB9-319D-80AA-F0D43588FEC8}.Debug|x64.Build.0 = Debug|x64
		{4FDB410E-CCB9-319D-80AA-F0D43588FEC8}.Release|x64.ActiveCfg = Release|x64
		{4FDB410E-CCB9-319D-80AA-F0D43588FEC8}.Release|x64.Build.0 = Release|x64
		{4FDB410E-CCB9-319D-80AA-F0D43588FEC8}.MinSizeRel|x64.ActiveCfg = MinSizeRel|x64
		{4FDB410E-CCB9-319D-80AA-F0D43588FEC8}.MinSizeRel|x64.Build.0 = MinSizeRel|x64
		{4FDB410E-CCB9-319D-80AA-F0D43588FEC8}.RelWithDebInfo|x64.ActiveCfg = RelWithDebInfo|x64
		{4FDB410E-CCB9-319D-80AA-F0D43588FEC8}.RelWithDebInfo|x64.Build.0 = RelWithDebInfo|x64
		{6C99C020-397E-39A5-AE92-9B28A1B84E2A}.Debug|x64.ActiveCfg = Debug|x64
		{6C99C020-397E-39A5-AE92-9B28A1B84E2A}.Debug|x64.Build.0 = Debug|x64
		{6C99C020-397E-39A5-AE92-9B28A1B84E2A}.Release|x64.ActiveCfg = Release|x64
		{6C99C020-397E-39A5-AE92-9B28A1B84E2A}.Release|x64.Build.0 = Release|x64
		{6C99C020-397E-39A5-AE92-9B28A1B84E2A}.MinSizeRel|x64.ActiveCfg = MinSizeRel|x64
		{6C99C020-397E-39A5-AE92-9B28A1B84E2A}.MinSizeRel|x64.Build.0 = MinSizeRel|x64
		{6C99C020-397E-39A5-AE92-9B28A1B84E2A}.RelWithDebInfo|x64.ActiveCfg = RelWithDebInfo|x64
		{6C99C020-397E-39A5-AE92-9B28A1B84E2A}.RelWithDebInfo|x64.Build.0 = RelWithDebInfo|x64
		{9E464415-2A15-304D-8CA8-19C13C602465}.Debug|x64.ActiveCfg = Debug|x64
		{9E464415-2A15-304D-8CA8-19C13C602465}.Debug|x64.Build.0 = Debug|x64
		{9E464415-2A15-304D-8CA8-19C13C602465}.Release|x64.ActiveCfg = Release|x64
		{9E464415-2A15-304D-8CA8-19C13C602465}.Release|x64.Build.0 = Release|x64
		{9E464415-2A15-304D-8CA8-19C13C602465}.MinSizeRel|x64.ActiveCfg = MinSizeRel|x64
		{9E464415-2A15-304D-8CA8-19C13C602465}.MinSizeRel|x64.Build.0 = MinSizeRel|x64
		{9E464415-2A15-304D-8CA8-19C13C602465}.RelWithDebInfo|x64.ActiveCfg = RelWithDebInfo|x64
		{9E464415-2A15-304D-8CA8-19C13C602465}.RelWithDebInfo|x64.Build.0 = RelWithDebInfo|x64
		{63EE7C93-B60D-38F2-95C5-4D5D61C6DEBA}.Debug|x64.ActiveCfg = Debug|x64
		{63EE7C93-B60D-38F2-95C5-4D5D61C6DEBA}.Debug|x64.Build.0 = Debug|x64
		{63EE7C93-B60D-38F2-95C5-4D5D61C6DEBA}.Release|x64.ActiveCfg = Release|x64
		{63EE7C93-B60D-38F2-95C5-4D5D61C6DEBA}.Release|x64.Build.0 = Release|x64
		{63EE7C93-B60D-38F2-95C5-4D5D61C6DEBA}.MinSizeRel|x64.ActiveCfg = MinSizeRel|x64
		{63EE7C93-B60D-38F2-95C5-4D5D61C6DEBA}.MinSizeRel|x64.Build.0 = MinSizeRel|x64
		{63EE7C93-B60D-38F2-95C5-4D5D61C6DEBA}.RelWithDebInfo|x64.ActiveCfg = RelWithDebInfo|x64
		{63EE7C93-B60D-38F2-95C5-4D5D61C6DEBA}.RelWithDebInfo|x64.Build.0 = RelWithDebInfo|x64
	EndGlobalSection
	GlobalSection(ExtensibilityGlobals) = postSolution
		SolutionGuid = {C2998F59-4623-3838-B82F-8FF26E892FA2}
	EndGlobalSection
	GlobalSection(ExtensibilityAddIns) = postSolution
	EndGlobalSection
EndGlobal
