<?xml version="1.0" encoding="utf-8"?>
<Project ToolsVersion="17.0" xmlns="http://schemas.microsoft.com/developer/msbuild/2003">
  <ItemGroup>
    <CustomBuild Include="D:\Giselle_\My Project\CSC10003_FinalProject\source\cmake-build\CMakeFiles\1a2c865cbc54940b3da4165aa275b222\generate.stamp.rule">
      <Filter>CMake Rules</Filter>
    </CustomBuild>
  </ItemGroup>
  <ItemGroup>
    <Filter Include="CMake Rules">
      <UniqueIdentifier>{3EF3B923-85EE-347B-95F8-8E6F4D5F2DEB}</UniqueIdentifier>
    </Filter>
  </ItemGroup>
</Project>
